
Microsoft Visual Studio Solution File, Format Version 12.00
# Visual Studio Version 16
VisualStudioVersion = 16.0.30011.22
MinimumVisualStudioVersion = 10.0.40219.1
Project("{9A19103F-16F7-4668-BE54-9A1E7A4F7556}") = "AmizadeWebMvc", "AmizadeWebMvc\AmizadeWebMvc.csproj", "{2A39136A-FFF7-469D-801D-0D6FAA4FF59D}"
EndProject
Project("{9A19103F-16F7-4668-BE54-9A1E7A4F7556}") = "Amizade.Domain.Model", "Amizade.Domain.Model\Amizade.Domain.Model.csproj", "{8521293E-AB37-4CE8-8A7C-476F37779282}"
EndProject
Project("{9A19103F-16F7-4668-BE54-9A1E7A4F7556}") = "Amizade.Domain.Services", "Amizade.Domain.Services\Amizade.Domain.Services.csproj", "{6D62C561-E48E-435C-8F50-6973AEA8F15B}"
EndProject
Project("{9A19103F-16F7-4668-BE54-9A1E7A4F7556}") = "Amizade.Infrastructure.Data", "Amizade.Infrastructure.Data\Amizade.Infrastructure.Data.csproj", "{BDC00957-6B9F-4AEB-B491-1EA073A7CCC2}"
EndProject
Project("{9A19103F-16F7-4668-BE54-9A1E7A4F7556}") = "Amizade.Infrastructure.IoC", "Amizade.Infrastructure.IoC\Amizade.Infrastructure.IoC.csproj", "{0B0FC710-0F90-4160-BA12-67DB460E2B08}"
EndProject
Project("{2150E333-8FDC-42A3-9474-1A3956D46DE8}") = "1 - Presentation", "1 - Presentation", "{AE8C7E68-4297-498B-A314-6D9B5502B302}"
EndProject
Project("{2150E333-8FDC-42A3-9474-1A3956D46DE8}") = "2 - Domain", "2 - Domain", "{51772D10-CFE8-4328-841B-FBAD92F4B6F7}"
EndProject
Project("{2150E333-8FDC-42A3-9474-1A3956D46DE8}") = "3 - Infrastructure", "3 - Infrastructure", "{FCF4A735-0B47-4581-B9DE-53855DE3A45F}"
EndProject
Project("{9A19103F-16F7-4668-BE54-9A1E7A4F7556}") = "Amizade.Infrastructure.Services", "Amizade.Infrastructure.Services\Amizade.Infrastructure.Services.csproj", "{FA911EB2-E001-4B71-B32D-6A691A319FEB}"
EndProject
Project("{2150E333-8FDC-42A3-9474-1A3956D46DE8}") = "4 - Functions", "4 - Functions", "{00B777B9-737A-4C87-9519-6A21FF37F456}"
EndProject
Project("{9A19103F-16F7-4668-BE54-9A1E7A4F7556}") = "FunctionApp", "FunctionApp\FunctionApp.csproj", "{743E409A-BB03-41F8-92A9-4C26D4D12E22}"
EndProject
Global
	GlobalSection(SolutionConfigurationPlatforms) = preSolution
		Debug|Any CPU = Debug|Any CPU
		Release|Any CPU = Release|Any CPU
	EndGlobalSection
	GlobalSection(ProjectConfigurationPlatforms) = postSolution
		{2A39136A-FFF7-469D-801D-0D6FAA4FF59D}.Debug|Any CPU.ActiveCfg = Debug|Any CPU
		{2A39136A-FFF7-469D-801D-0D6FAA4FF59D}.Debug|Any CPU.Build.0 = Debug|Any CPU
		{2A39136A-FFF7-469D-801D-0D6FAA4FF59D}.Release|Any CPU.ActiveCfg = Release|Any CPU
		{2A39136A-FFF7-469D-801D-0D6FAA4FF59D}.Release|Any CPU.Build.0 = Release|Any CPU
		{8521293E-AB37-4CE8-8A7C-476F37779282}.Debug|Any CPU.ActiveCfg = Debug|Any CPU
		{8521293E-AB37-4CE8-8A7C-476F37779282}.Debug|Any CPU.Build.0 = Debug|Any CPU
		{8521293E-AB37-4CE8-8A7C-476F37779282}.Release|Any CPU.ActiveCfg = Release|Any CPU
		{8521293E-AB37-4CE8-8A7C-476F37779282}.Release|Any CPU.Build.0 = Release|Any CPU
		{6D62C561-E48E-435C-8F50-6973AEA8F15B}.Debug|Any CPU.ActiveCfg = Debug|Any CPU
		{6D62C561-E48E-435C-8F50-6973AEA8F15B}.Debug|Any CPU.Build.0 = Debug|Any CPU
		{6D62C561-E48E-435C-8F50-6973AEA8F15B}.Release|Any CPU.ActiveCfg = Release|Any CPU
		{6D62C561-E48E-435C-8F50-6973AEA8F15B}.Release|Any CPU.Build.0 = Release|Any CPU
		{BDC00957-6B9F-4AEB-B491-1EA073A7CCC2}.Debug|Any CPU.ActiveCfg = Debug|Any CPU
		{BDC00957-6B9F-4AEB-B491-1EA073A7CCC2}.Debug|Any CPU.Build.0 = Debug|Any CPU
		{BDC00957-6B9F-4AEB-B491-1EA073A7CCC2}.Release|Any CPU.ActiveCfg = Release|Any CPU
		{BDC00957-6B9F-4AEB-B491-1EA073A7CCC2}.Release|Any CPU.Build.0 = Release|Any CPU
		{0B0FC710-0F90-4160-BA12-67DB460E2B08}.Debug|Any CPU.ActiveCfg = Debug|Any CPU
		{0B0FC710-0F90-4160-BA12-67DB460E2B08}.Debug|Any CPU.Build.0 = Debug|Any CPU
		{0B0FC710-0F90-4160-BA12-67DB460E2B08}.Release|Any CPU.ActiveCfg = Release|Any CPU
		{0B0FC710-0F90-4160-BA12-67DB460E2B08}.Release|Any CPU.Build.0 = Release|Any CPU
		{FA911EB2-E001-4B71-B32D-6A691A319FEB}.Debug|Any CPU.ActiveCfg = Debug|Any CPU
		{FA911EB2-E001-4B71-B32D-6A691A319FEB}.Debug|Any CPU.Build.0 = Debug|Any CPU
		{FA911EB2-E001-4B71-B32D-6A691A319FEB}.Release|Any CPU.ActiveCfg = Release|Any CPU
		{FA911EB2-E001-4B71-B32D-6A691A319FEB}.Release|Any CPU.Build.0 = Release|Any CPU
		{743E409A-BB03-41F8-92A9-4C26D4D12E22}.Debug|Any CPU.ActiveCfg = Debug|Any CPU
		{743E409A-BB03-41F8-92A9-4C26D4D12E22}.Debug|Any CPU.Build.0 = Debug|Any CPU
		{743E409A-BB03-41F8-92A9-4C26D4D12E22}.Release|Any CPU.ActiveCfg = Release|Any CPU
		{743E409A-BB03-41F8-92A9-4C26D4D12E22}.Release|Any CPU.Build.0 = Release|Any CPU
	EndGlobalSection
	GlobalSection(SolutionProperties) = preSolution
		HideSolutionNode = FALSE
	EndGlobalSection
	GlobalSection(NestedProjects) = preSolution
		{2A39136A-FFF7-469D-801D-0D6FAA4FF59D} = {AE8C7E68-4297-498B-A314-6D9B5502B302}
		{8521293E-AB37-4CE8-8A7C-476F37779282} = {51772D10-CFE8-4328-841B-FBAD92F4B6F7}
		{6D62C561-E48E-435C-8F50-6973AEA8F15B} = {51772D10-CFE8-4328-841B-FBAD92F4B6F7}
		{BDC00957-6B9F-4AEB-B491-1EA073A7CCC2} = {FCF4A735-0B47-4581-B9DE-53855DE3A45F}
		{0B0FC710-0F90-4160-BA12-67DB460E2B08} = {FCF4A735-0B47-4581-B9DE-53855DE3A45F}
		{FA911EB2-E001-4B71-B32D-6A691A319FEB} = {FCF4A735-0B47-4581-B9DE-53855DE3A45F}
		{743E409A-BB03-41F8-92A9-4C26D4D12E22} = {00B777B9-737A-4C87-9519-6A21FF37F456}
	EndGlobalSection
	GlobalSection(ExtensibilityGlobals) = postSolution
		SolutionGuid = {C8A1F9E1-1934-4BCC-A1B7-E2701F45450E}
	EndGlobalSection
EndGlobal
